PODS:
  - Alamofire (4.2.0)
  - DZNEmptyDataSet (1.8.1)
  - KeychainAccess (3.0.1)

DEPENDENCIES:
  - Alamofire (~> 4.0)
  - DZNEmptyDataSet
  - KeychainAccess

SPEC CHECKSUMS:
  Alamofire: aa2e09d871c9160ac53c90e83c68064a94e3dfbe
  DZNEmptyDataSet: 9525833b9e68ac21c30253e1d3d7076cc828eaa7
  KeychainAccess: 017ea25e313a49eda10bb19b0bb0760fb1edfe1a

PODFILE CHECKSUM: ca5ec47504bb033cdf1bf4e771aec459de4f7dee

COCOAPODS: 1.2.0.beta.1
